// !$*UTF8*$!
{
	archiveVersion = 1;
	classes = {
	};
	objectVersion = 46;
	objects = {

/* Begin PBXBuildFile section */
		BC347A711E6D003B00363B29 /* AppDelegate.swift in Sources */ = {isa = PBXBuildFile; fileRef = BC347A701E6D003B00363B29 /* AppDelegate.swift */; };
		BC347A731E6D003B00363B29 /* ViewController.swift in Sources */ = {isa = PBXBuildFile; fileRef = BC347A721E6D003B00363B29 /* ViewController.swift */; };
		BC347A761E6D003B00363B29 /* Main.storyboard in Resources */ = {isa = PBXBuildFile; fileRef = BC347A741E6D003B00363B29 /* Main.storyboard */; };
		BC347A781E6D003B00363B29 /* Assets.xcassets in Resources */ = {isa = PBXBuildFile; fileRef = BC347A771E6D003B00363B29 /* Assets.xcassets */; };
		BC347A7B1E6D003B00363B29 /* LaunchScreen.storyboard in Resources */ = {isa = PBXBuildFile; fileRef = BC347A791E6D003B00363B29 /* LaunchScreen.storyboard */; };
/* End PBXBuildFile section */

/* Begin PBXFileReference section */
		BC347A6D1E6D003B00363B29 /* MathEqualsEasy.app */ = {isa = PBXFileReference; explicitFileType = wrapper.application; includeInIndex = 0; path = MathEqualsEasy.app; sourceTree = BUILT_PRODUCTS_DIR; };
		BC347A701E6D003B00363B29 /* AppDelegate.swift */ = {isa = PBXFileReference; lastKnownFileType = sourcecode.swift; path = AppDelegate.swift; sourceTree = "<group>"; };
		BC347A721E6D003B00363B29 /* ViewController.swift */ = {isa = PBXFileReference; lastKnownFileType = sourcecode.swift; path = ViewController.swift; sourceTree = "<group>"; };
		BC347A751E6D003B00363B29 /* Base */ = {isa = PBXFileReference; lastKnownFileType = file.storyboard; name = Base; path = Base.lproj/Main.storyboard; sourceTree = "<group>"; };
		BC347A771E6D003B00363B29 /* Assets.xcassets */ = {isa = PBXFileReference; lastKnownFileType = folder.assetcatalog; path = Assets.xcassets; sourceTree = "<group>"; };
		BC347A7A1E6D003B00363B29 /* Base */ = {isa = PBXFileReference; lastKnownFileType = file.storyboard; name = Base; path = Base.lproj/LaunchScreen.storyboard; sourceTree = "<group>"; };
		BC347A7C1E6D003B00363B29 /* Info.plist */ = {isa = PBXFileReference; lastKnownFileType = text.plist.xml; path = Info.plist; sourceTree = "<group>"; };
/* End PBXFileReference section */

/* Begin PBXFrameworksBuildPhase section */
		BC347A6A1E6D003B00363B29 /* Frameworks */ = {
			isa = PBXFrameworksBuildPhase;
			buildActionMask = 2147483647;
			files = (
			);
			runOnlyForDeploymentPostprocessing = 0;
		};
/* End PBXFrameworksBuildPhase section */

/* Begin PBXGroup section */
		BC347A641E6D003B00363B29 = {
			isa = PBXGroup;
			children = (
				BC347A6F1E6D003B00363B29 /* MathEqualsEasy */,
				BC347A6E1E6D003B00363B29 /* Products */,
			);
			sourceTree = "<group>";
		};
		BC347A6E1E6D003B00363B29 /* Products */ = {
			isa = PBXGroup;
			children = (
				BC347A6D1E6D003B00363B29 /* MathEqualsEasy.app */,
			);
			name = Products;
			sourceTree = "<group>";
		};
		BC347A6F1E6D003B00363B29 /* MathEqualsEasy */ = {
			isa = PBXGroup;
			children = (
				BC347A701E6D003B00363B29 /* AppDelegate.swift */,
				BC347A721E6D003B00363B29 /* ViewController.swift */,
				BC347A741E6D003B00363B29 /* Main.storyboard */,
				BC347A771E6D003B00363B29 /* Assets.xcassets */,
				BC347A791E6D003B00363B29 /* LaunchScreen.storyboard */,
				BC347A7C1E6D003B00363B29 /* Info.plist */,
			);
			path = MathEqualsEasy;
			sourceTree = "<group>";
		};
/* End PBXGroup section */

/* Begin PBXNativeTarget section */
		BC347A6C1E6D003B00363B29 /* MathEqualsEasy */ = {
			isa = PBXNativeTarget;
			buildConfigurationList = BC347A7F1E6D003B00363B29 /* Build configuration list for PBXNativeTarget "MathEqualsEasy" */;
			buildPhases = (
				BC347A691E6D003B00363B29 /* Sources */,
				BC347A6A1E6D003B00363B29 /* Frameworks */,
				BC347A6B1E6D003B00363B29 /* Resources */,
			);
			buildRules = (
			);
			dependencies = (
			);
			name = MathEqualsEasy;
			productName = MathEqualsEasy;
			productReference = BC347A6D1E6D003B00363B29 /* MathEqualsEasy.app */;
			productType = "com.apple.product-type.application";
		};
/* End PBXNativeTarget section */

/* Begin PBXProject section */
		BC347A651E6D003B00363B29 /* Project object */ = {
			isa = PBXProject;
			attributes = {
				LastSwiftUpdateCheck = 0800;
				LastUpgradeCheck = 0800;
				ORGANIZATIONNAME = "Jacob Walters";
				TargetAttributes = {
					BC347A6C1E6D003B00363B29 = {
						CreatedOnToolsVersion = 8.0;
						ProvisioningStyle = Automatic;
					};
				};
			};
			buildConfigurationList = BC347A681E6D003B00363B29 /* Build configuration list for PBXProject "MathEqualsEasy" */;
			compatibilityVersion = "Xcode 3.2";
			developmentRegion = English;
			hasScannedForEncodings = 0;
			knownRegions = (
				en,
				Base,
			);
			mainGroup = BC347A641E6D003B00363B29;
			productRefGroup = BC347A6E1E6D003B00363B29 /* Products */;
			projectDirPath = "";
			projectRoot = "";
			targets = (
				BC347A6C1E6D003B00363B29 /* MathEqualsEasy */,
			);
		};
/* End PBXProject section */

/* Begin PBXResourcesBuildPhase section */
		BC347A6B1E6D003B00363B29 /* Resources */ = {
			isa = PBXResourcesBuildPhase;
			buildActionMask = 2147483647;
			files = (
				BC347A7B1E6D003B00363B29 /* LaunchScreen.storyboard in Resources */,
				BC347A781E6D003B00363B29 /* Assets.xcassets in Resources */,
				BC347A761E6D003B00363B29 /* Main.storyboard in Resources */,
			);
			runOnlyForDeploymentPostprocessing = 0;
		};
/* End PBXResourcesBuildPhase section */

/* Begin PBXSourcesBuildPhase section */
		BC347A691E6D003B00363B29 /* Sources */ = {
			isa = PBXSourcesBuildPhase;
			buildActionMask = 2147483647;
			files = (
				BC347A731E6D003B00363B29 /* ViewController.swift in Sources */,
				BC347A711E6D003B00363B29 /* AppDelegate.swift in Sources */,
			);
			runOnlyForDeploymentPostprocessing = 0;
		};
/* End PBXSourcesBuildPhase section */

/* Begin PBXVariantGroup section */
		BC347A741E6D003B00363B29 /* Main.storyboard */ = {
			isa = PBXVariantGroup;
			children = (
				BC347A751E6D003B00363B29 /* Base */,
			);
			name = Main.storyboard;
			sourceTree = "<group>";
		};
		BC347A791E6D003B00363B29 /* LaunchScreen.storyboard */ = {
			isa = PBXVariantGroup;
			children = (
				BC347A7A1E6D003B00363B29 /* Base */,
			);
			name = LaunchScreen.storyboard;
			sourceTree = "<group>";
		};
/* End PBXVariantGroup section */

/* Begin XCBuildConfiguration section */
		BC347A7D1E6D003B00363B29 /* Debug */ = {
			isa = XCBuildConfiguration;
			buildSettings = {
				ALWAYS_SEARCH_USER_PATHS = NO;
				CLANG_ANALYZER_NONNULL = YES;
				CLANG_CXX_LANGUAGE_STANDARD = "gnu++0x";
				CLANG_CXX_LIBRARY = "libc++";
				CLANG_ENABLE_MODULES = YES;
				CLANG_ENABLE_OBJC_ARC = YES;
				CLANG_WARN_BOOL_CONVERSION = YES;
				CLANG_WARN_CONSTANT_CONVERSION = YES;
				CLANG_WARN_DIRECT_OBJC_ISA_USAGE = YES_ERROR;
				CLANG_WARN_DOCUMENTATION_COMMENTS = YES;
				CLANG_WARN_EMPTY_BODY = YES;
				CLANG_WARN_ENUM_CONVERSION = YES;
				CLANG_WARN_INFINITE_RECURSION = YES;
				CLANG_WARN_INT_CONVERSION = YES;
				CLANG_WARN_OBJC_ROOT_CLASS = YES_ERROR;
				CLANG_WARN_SUSPICIOUS_MOVES = YES;
				CLANG_WARN_UNREACHABLE_CODE = YES;
				CLANG_WARN__DUPLICATE_METHOD_MATCH = YES;
				"CODE_SIGN_IDENTITY[sdk=iphoneos*]" = "iPhone Developer";
				COPY_PHASE_STRIP = NO;
				DEBUG_INFORMATION_FORMAT = dwarf;
				ENABLE_STRICT_OBJC_MSGSEND = YES;
				ENABLE_TESTABILITY = YES;
				GCC_C_LANGUAGE_STANDARD = gnu99;
				GCC_DYNAMIC_NO_PIC = NO;
				GCC_NO_COMMON_BLOCKS = YES;
				GCC_OPTIMIZATION_LEVEL = 0;
				GCC_PREPROCESSOR_DEFINITIONS = (
					"DEBUG=1",
					"$(inherited)",
				);
				GCC_WARN_64_TO_32_BIT_CONVERSION = YES;
				GCC_WARN_ABOUT_RETURN_TYPE = YES_ERROR;
				GCC_WARN_UNDECLARED_SELECTOR = YES;
				GCC_WARN_UNINITIALIZED_AUTOS = YES_AGGRESSIVE;
				GCC_WARN_UNUSED_FUNCTION = YES;
				GCC_WARN_UNUSED_VARIABLE = YES;
				IPHONEOS_DEPLOYMENT_TARGET = 10.0;
				MTL_ENABLE_DEBUG_INFO = YES;
				ONLY_ACTIVE_ARCH = YES;
				SDKROOT = iphoneos;
				SWIFT_ACTIVE_COMPILATION_CONDITIONS = DEBUG;
				SWIFT_OPTIMIZATION_LEVEL = "-Onone";
			};
			name = Debug;
		};
		BC347A7E1E6D003B00363B29 /* Release */ = {
			isa = XCBuildConfiguration;
			buildSettings = {
				ALWAYS_SEARCH_USER_PATHS = NO;
				CLANG_ANALYZER_NONNULL = YES;
				CLANG_CXX_LANGUAGE_STANDARD = "gnu++0x";
				CLANG_CXX_LIBRARY = "libc++";
				CLANG_ENABLE_MODULES = YES;
				CLANG_ENABLE_OBJC_ARC = YES;
				CLANG_WARN_BOOL_CONVERSION = YES;
				CLANG_WARN_CONSTANT_CONVERSION = YES;
				CLANG_WARN_DIRECT_OBJC_ISA_USAGE = YES_ERROR;
				CLANG_WARN_DOCUMENTATION_COMMENTS = YES;
				CLANG_WARN_EMPTY_BODY = YES;
				CLANG_WARN_ENUM_CONVERSION = YES;
				CLANG_WARN_INFINITE_RECURSION = YES;
				CLANG_WARN_INT_CONVERSION = YES;
				CLANG_WARN_OBJC_ROOT_CLASS = YES_ERROR;
				CLANG_WARN_SUSPICIOUS_MOVES = YES;
				CLANG_WARN_UNREACHABLE_CODE = YES;
				CLANG_WARN__DUPLICATE_METHOD_MATCH = YES;
				"CODE_SIGN_IDENTITY[sdk=iphoneos*]" = "iPhone Developer";
				COPY_PHASE_STRIP = NO;
				DEBUG_INFORMATION_FORMAT = "dwarf-with-dsym";
				ENABLE_NS_ASSERTIONS = NO;
				ENABLE_STRICT_OBJC_MSGSEND = YES;
				GCC_C_LANGUAGE_STANDARD = gnu99;
				GCC_NO_COMMON_BLOCKS = YES;
				GCC_WARN_64_TO_32_BIT_CONVERSION = YES;
				GCC_WARN_ABOUT_RETURN_TYPE = YES_ERROR;
				GCC_WARN_UNDECLARED_SELECTOR = YES;
				GCC_WARN_UNINITIALIZED_AUTOS = YES_AGGRESSIVE;
				GCC_WARN_UNUSED_FUNCTION = YES;
				GCC_WARN_UNUSED_VARIABLE = YES;
				IPHONEOS_DEPLOYMENT_TARGET = 10.0;
				MTL_ENABLE_DEBUG_INFO = NO;
				SDKROOT = iphoneos;
				SWIFT_OPTIMIZATION_LEVEL = "-Owholemodule";
				VALIDATE_PRODUCT = YES;
			};
			name = Release;
		};
		BC347A801E6D003B00363B29 /* Debug */ = {
			isa = XCBuildConfiguration;
			buildSettings = {
				ASSETCATALOG_COMPILER_APPICON_NAME = AppIcon;
				INFOPLIST_FILE = MathEqualsEasy/Info.plist;
				LD_RUNPATH_SEARCH_PATHS = "$(inherited) @executable_path/Frameworks";
				PRODUCT_BUNDLE_IDENTIFIER = com.JacobDylanWalters.MathEqualsEasy;
				PRODUCT_NAME = "$(TARGET_NAME)";
				SWIFT_VERSION = 3.0;
			};
			name = Debug;
		};
		BC347A811E6D003B00363B29 /* Release */ = {
			isa = XCBuildConfiguration;
			buildSettings = {
				ASSETCATALOG_COMPILER_APPICON_NAME = AppIcon;
				INFOPLIST_FILE = MathEqualsEasy/Info.plist;
				LD_RUNPATH_SEARCH_PATHS = "$(inherited) @executable_path/Frameworks";
				PRODUCT_BUNDLE_IDENTIFIER = com.JacobDylanWalters.MathEqualsEasy;
				PRODUCT_NAME = "$(TARGET_NAME)";
				SWIFT_VERSION = 3.0;
			};
			name = Release;
		};
/* End XCBuildConfiguration section */

/* Begin XCConfigurationList section */
		BC347A681E6D003B00363B29 /* Build configuration list for PBXProject "MathEqualsEasy" */ = {
			isa = XCConfigurationList;
			buildConfigurations = (
				BC347A7D1E6D003B00363B29 /* Debug */,
				BC347A7E1E6D003B00363B29 /* Release */,
			);
			defaultConfigurationIsVisible = 0;
			defaultConfigurationName = Release;
		};
		BC347A7F1E6D003B00363B29 /* Build configuration list for PBXNativeTarget "MathEqualsEasy" */ = {
			isa = XCConfigurationList;
			buildConfigurations = (
				BC347A801E6D003B00363B29 /* Debug */,
				BC347A811E6D003B00363B29 /* Release */,
			);
			defaultConfigurationIsVisible = 0;
		};
/* End XCConfigurationList section */
	};
	rootObject = BC347A651E6D003B00363B29 /* Project object */;
}
